
Microsoft Visual Studio Solution File, Format Version 12.00
# Visual Studio Version 17
VisualStudioVersion = 17.10.35004.147
MinimumVisualStudioVersion = 10.0.40219.1
Project("{FAE04EC0-301F-11D3-BF4B-00C04F79EFBC}") = "CourseEnrolmentSystem", "CourseEnrolmentSystem.csproj", "{3C3E841D-275F-4C30-8344-3DFA137454FC}"
EndProject
Project("{FAE04EC0-301F-11D3-BF4B-00C04F79EFBC}") = "CourseEnrolmentSystemTests", "..\CourseEnrolmentSystemTests\CourseEnrolmentSystemTests.csproj", "{A48CAD36-FA1A-4E5A-AB81-2B95EC2714DD}"
EndProject
Global
	GlobalSection(SolutionConfigurationPlatforms) = preSolution
		Debug|Any CPU = Debug|Any CPU
		Release|Any CPU = Release|Any CPU
	EndGlobalSection
	GlobalSection(ProjectConfigurationPlatforms) = postSolution
		{3C3E841D-275F-4C30-8344-3DFA137454FC}.Debug|Any CPU.ActiveCfg = Debug|Any CPU
		{3C3E841D-275F-4C30-8344-3DFA137454FC}.Debug|Any CPU.Build.0 = Debug|Any CPU
		{3C3E841D-275F-4C30-8344-3DFA137454FC}.Release|Any CPU.ActiveCfg = Release|Any CPU
		{3C3E841D-275F-4C30-8344-3DFA137454FC}.Release|Any CPU.Build.0 = Release|Any CPU
		{A48CAD36-FA1A-4E5A-AB81-2B95EC2714DD}.Debug|Any CPU.ActiveCfg = Debug|Any CPU
		{A48CAD36-FA1A-4E5A-AB81-2B95EC2714DD}.Debug|Any CPU.Build.0 = Debug|Any CPU
		{A48CAD36-FA1A-4E5A-AB81-2B95EC2714DD}.Release|Any CPU.ActiveCfg = Release|Any CPU
		{A48CAD36-FA1A-4E5A-AB81-2B95EC2714DD}.Release|Any CPU.Build.0 = Release|Any CPU
	EndGlobalSection
	GlobalSection(SolutionProperties) = preSolution
		HideSolutionNode = FALSE
	EndGlobalSection
	GlobalSection(ExtensibilityGlobals) = postSolution
		SolutionGuid = {08F26ABA-A0C3-435A-A45E-842C97D2B6EF}
	EndGlobalSection
EndGlobal
